
Microsoft Visual Studio Solution File, Format Version 12.00
# Visual Studio Version 17
VisualStudioVersion = 17.13.35825.156 d17.13
MinimumVisualStudioVersion = 10.0.40219.1
Project("{FAE04EC0-301F-11D3-BF4B-00C04F79EFBC}") = "Task_4", "Task_4\Task_4.csproj", "{681D6372-5A8A-4FA9-95BD-7F86F2081FCF}"
EndProject
Global
	GlobalSection(SolutionConfigurationPlatforms) = preSolution
		Debug|Any CPU = Debug|Any CPU
		Release|Any CPU = Release|Any CPU
	EndGlobalSection
	GlobalSection(ProjectConfigurationPlatforms) = postSolution
		{681D6372-5A8A-4FA9-95BD-7F86F2081FCF}.Debug|Any CPU.ActiveCfg = Debug|Any CPU
		{681D6372-5A8A-4FA9-95BD-7F86F2081FCF}.Debug|Any CPU.Build.0 = Debug|Any CPU
		{681D6372-5A8A-4FA9-95BD-7F86F2081FCF}.Release|Any CPU.ActiveCfg = Release|Any CPU
		{681D6372-5A8A-4FA9-95BD-7F86F2081FCF}.Release|Any CPU.Build.0 = Release|Any CPU
	EndGlobalSection
	GlobalSection(SolutionProperties) = preSolution
		HideSolutionNode = FALSE
	EndGlobalSection
	GlobalSection(ExtensibilityGlobals) = postSolution
		SolutionGuid = {BC2FFFD7-BE05-4D45-9E63-DD1AB6495E5F}
	EndGlobalSection
EndGlobal
